
Microsoft Visual Studio Solution File, Format Version 12.00
# Visual Studio 15
VisualStudioVersion = 15.0.28010.2041
MinimumVisualStudioVersion = 10.0.40219.1
Project("{FAE04EC0-301F-11D3-BF4B-00C04F79EFBC}") = "CSForm", "CSLesson6\CSForm.csproj", "{E415F2F3-C46C-4C26-8258-B6FDF3E7FCBC}"
EndProject
Project("{FAE04EC0-301F-11D3-BF4B-00C04F79EFBC}") = "CSMoney", "VS\CSMoney\CSMoney\CSMoney.csproj", "{2D7289E1-211C-4F60-BA2F-2DBB5769BB1B}"
EndProject
Project("{2150E333-8FDC-42A3-9474-1A3956D46DE8}") = "Solution Items", "Solution Items", "{EB9A81C0-FB36-48A6-9CFA-07641340D634}"
	ProjectSection(SolutionItems) = preProject
		XMLSchema1.xsd = XMLSchema1.xsd
	EndProjectSection
EndProject
Global
	GlobalSection(SolutionConfigurationPlatforms) = preSolution
		Debug|Any CPU = Debug|Any CPU
		Release|Any CPU = Release|Any CPU
	EndGlobalSection
	GlobalSection(ProjectConfigurationPlatforms) = postSolution
		{E415F2F3-C46C-4C26-8258-B6FDF3E7FCBC}.Debug|Any CPU.ActiveCfg = Debug|Any CPU
		{E415F2F3-C46C-4C26-8258-B6FDF3E7FCBC}.Debug|Any CPU.Build.0 = Debug|Any CPU
		{E415F2F3-C46C-4C26-8258-B6FDF3E7FCBC}.Release|Any CPU.ActiveCfg = Release|Any CPU
		{E415F2F3-C46C-4C26-8258-B6FDF3E7FCBC}.Release|Any CPU.Build.0 = Release|Any CPU
		{2D7289E1-211C-4F60-BA2F-2DBB5769BB1B}.Debug|Any CPU.ActiveCfg = Debug|Any CPU
		{2D7289E1-211C-4F60-BA2F-2DBB5769BB1B}.Debug|Any CPU.Build.0 = Debug|Any CPU
		{2D7289E1-211C-4F60-BA2F-2DBB5769BB1B}.Release|Any CPU.ActiveCfg = Release|Any CPU
		{2D7289E1-211C-4F60-BA2F-2DBB5769BB1B}.Release|Any CPU.Build.0 = Release|Any CPU
	EndGlobalSection
	GlobalSection(SolutionProperties) = preSolution
		HideSolutionNode = FALSE
	EndGlobalSection
	GlobalSection(ExtensibilityGlobals) = postSolution
		SolutionGuid = {7DCC40A7-6731-44AF-A7C4-13080E1E5A1A}
	EndGlobalSection
EndGlobal
